// !$*UTF8*$!
{
	archiveVersion = 1;
	classes = {
	};
	objectVersion = 56;
	objects = {

/* Begin PBXBuildFile section */
		A20E0C4629A4A6EA0001A267 /* FourthViewController.swift in Sources */ = {isa = PBXBuildFile; fileRef = A20E0C4529A4A6EA0001A267 /* FourthViewController.swift */; };
		A20E0C4829A4A73C0001A267 /* FifthViewController.swift in Sources */ = {isa = PBXBuildFile; fileRef = A20E0C4729A4A73C0001A267 /* FifthViewController.swift */; };
		A21F6D0629A3BD33006F170B /* SecondViewController.swift in Sources */ = {isa = PBXBuildFile; fileRef = A21F6D0529A3BD33006F170B /* SecondViewController.swift */; };
		A21F6D0829A3BD51006F170B /* ThirdViewController.swift in Sources */ = {isa = PBXBuildFile; fileRef = A21F6D0729A3BD51006F170B /* ThirdViewController.swift */; };
		A22785BC29A3586600DA722C /* AppDelegate.swift in Sources */ = {isa = PBXBuildFile; fileRef = A22785BB29A3586600DA722C /* AppDelegate.swift */; };
		A22785BE29A3586600DA722C /* SceneDelegate.swift in Sources */ = {isa = PBXBuildFile; fileRef = A22785BD29A3586600DA722C /* SceneDelegate.swift */; };
		A22785C029A3586600DA722C /* ViewController.swift in Sources */ = {isa = PBXBuildFile; fileRef = A22785BF29A3586600DA722C /* ViewController.swift */; };
		A22785C329A3586600DA722C /* Main.storyboard in Resources */ = {isa = PBXBuildFile; fileRef = A22785C129A3586600DA722C /* Main.storyboard */; };
		A22785C529A3586800DA722C /* Assets.xcassets in Resources */ = {isa = PBXBuildFile; fileRef = A22785C429A3586800DA722C /* Assets.xcassets */; };
		A22785C829A3586800DA722C /* LaunchScreen.storyboard in Resources */ = {isa = PBXBuildFile; fileRef = A22785C629A3586800DA722C /* LaunchScreen.storyboard */; };
/* End PBXBuildFile section */

/* Begin PBXFileReference section */
		A20E0C4529A4A6EA0001A267 /* FourthViewController.swift */ = {isa = PBXFileReference; lastKnownFileType = sourcecode.swift; path = FourthViewController.swift; sourceTree = "<group>"; };
		A20E0C4729A4A73C0001A267 /* FifthViewController.swift */ = {isa = PBXFileReference; lastKnownFileType = sourcecode.swift; path = FifthViewController.swift; sourceTree = "<group>"; };
		A21F6D0529A3BD33006F170B /* SecondViewController.swift */ = {isa = PBXFileReference; lastKnownFileType = sourcecode.swift; path = SecondViewController.swift; sourceTree = "<group>"; };
		A21F6D0729A3BD51006F170B /* ThirdViewController.swift */ = {isa = PBXFileReference; lastKnownFileType = sourcecode.swift; path = ThirdViewController.swift; sourceTree = "<group>"; };
		A22785B829A3586600DA722C /* 2Lesson3mounthNavbar.app */ = {isa = PBXFileReference; explicitFileType = wrapper.application; includeInIndex = 0; path = 2Lesson3mounthNavbar.app; sourceTree = BUILT_PRODUCTS_DIR; };
		A22785BB29A3586600DA722C /* AppDelegate.swift */ = {isa = PBXFileReference; lastKnownFileType = sourcecode.swift; path = AppDelegate.swift; sourceTree = "<group>"; };
		A22785BD29A3586600DA722C /* SceneDelegate.swift */ = {isa = PBXFileReference; lastKnownFileType = sourcecode.swift; path = SceneDelegate.swift; sourceTree = "<group>"; };
		A22785BF29A3586600DA722C /* ViewController.swift */ = {isa = PBXFileReference; lastKnownFileType = sourcecode.swift; path = ViewController.swift; sourceTree = "<group>"; };
		A22785C229A3586600DA722C /* Base */ = {isa = PBXFileReference; lastKnownFileType = file.storyboard; name = Base; path = Base.lproj/Main.storyboard; sourceTree = "<group>"; };
		A22785C429A3586800DA722C /* Assets.xcassets */ = {isa = PBXFileReference; lastKnownFileType = folder.assetcatalog; path = Assets.xcassets; sourceTree = "<group>"; };
		A22785C729A3586800DA722C /* Base */ = {isa = PBXFileReference; lastKnownFileType = file.storyboard; name = Base; path = Base.lproj/LaunchScreen.storyboard; sourceTree = "<group>"; };
		A22785C929A3586800DA722C /* Info.plist */ = {isa = PBXFileReference; lastKnownFileType = text.plist.xml; path = Info.plist; sourceTree = "<group>"; };
/* End PBXFileReference section */

/* Begin PBXFrameworksBuildPhase section */
		A22785B529A3586600DA722C /* Frameworks */ = {
			isa = PBXFrameworksBuildPhase;
			buildActionMask = 2147483647;
			files = (
			);
			runOnlyForDeploymentPostprocessing = 0;
		};
/* End PBXFrameworksBuildPhase section */

/* Begin PBXGroup section */
		A22785AF29A3586600DA722C = {
			isa = PBXGroup;
			children = (
				A22785BA29A3586600DA722C /* 2Lesson3mounthNavbar */,
				A22785B929A3586600DA722C /* Products */,
			);
			sourceTree = "<group>";
		};
		A22785B929A3586600DA722C /* Products */ = {
			isa = PBXGroup;
			children = (
				A22785B829A3586600DA722C /* 2Lesson3mounthNavbar.app */,
			);
			name = Products;
			sourceTree = "<group>";
		};
		A22785BA29A3586600DA722C /* 2Lesson3mounthNavbar */ = {
			isa = PBXGroup;
			children = (
				A22785BB29A3586600DA722C /* AppDelegate.swift */,
				A22785BD29A3586600DA722C /* SceneDelegate.swift */,
				A22785C129A3586600DA722C /* Main.storyboard */,
				A22785C429A3586800DA722C /* Assets.xcassets */,
				A22785C629A3586800DA722C /* LaunchScreen.storyboard */,
				A22785C929A3586800DA722C /* Info.plist */,
				A22785BF29A3586600DA722C /* ViewController.swift */,
				A21F6D0529A3BD33006F170B /* SecondViewController.swift */,
				A21F6D0729A3BD51006F170B /* ThirdViewController.swift */,
				A20E0C4529A4A6EA0001A267 /* FourthViewController.swift */,
				A20E0C4729A4A73C0001A267 /* FifthViewController.swift */,
			);
			path = 2Lesson3mounthNavbar;
			sourceTree = "<group>";
		};
/* End PBXGroup section */

/* Begin PBXNativeTarget section */
		A22785B729A3586600DA722C /* 2Lesson3mounthNavbar */ = {
			isa = PBXNativeTarget;
			buildConfigurationList = A22785CC29A3586800DA722C /* Build configuration list for PBXNativeTarget "2Lesson3mounthNavbar" */;
			buildPhases = (
				A22785B429A3586600DA722C /* Sources */,
				A22785B529A3586600DA722C /* Frameworks */,
				A22785B629A3586600DA722C /* Resources */,
			);
			buildRules = (
			);
			dependencies = (
			);
			name = 2Lesson3mounthNavbar;
			productName = 2Lesson3mounthNavbar;
			productReference = A22785B829A3586600DA722C /* 2Lesson3mounthNavbar.app */;
			productType = "com.apple.product-type.application";
		};
/* End PBXNativeTarget section */

/* Begin PBXProject section */
		A22785B029A3586600DA722C /* Project object */ = {
			isa = PBXProject;
			attributes = {
				BuildIndependentTargetsInParallel = 1;
				LastSwiftUpdateCheck = 1420;
				LastUpgradeCheck = 1420;
				TargetAttributes = {
					A22785B729A3586600DA722C = {
						CreatedOnToolsVersion = 14.2;
					};
				};
			};
			buildConfigurationList = A22785B329A3586600DA722C /* Build configuration list for PBXProject "2Lesson3mounthNavbar" */;
			compatibilityVersion = "Xcode 14.0";
			developmentRegion = en;
			hasScannedForEncodings = 0;
			knownRegions = (
				en,
				Base,
			);
			mainGroup = A22785AF29A3586600DA722C;
			productRefGroup = A22785B929A3586600DA722C /* Products */;
			projectDirPath = "";
			projectRoot = "";
			targets = (
				A22785B729A3586600DA722C /* 2Lesson3mounthNavbar */,
			);
		};
/* End PBXProject section */

/* Begin PBXResourcesBuildPhase section */
		A22785B629A3586600DA722C /* Resources */ = {
			isa = PBXResourcesBuildPhase;
			buildActionMask = 2147483647;
			files = (
				A22785C829A3586800DA722C /* LaunchScreen.storyboard in Resources */,
				A22785C529A3586800DA722C /* Assets.xcassets in Resources */,
				A22785C329A3586600DA722C /* Main.storyboard in Resources */,
			);
			runOnlyForDeploymentPostprocessing = 0;
		};
/* End PBXResourcesBuildPhase section */

/* Begin PBXSourcesBuildPhase section */
		A22785B429A3586600DA722C /* Sources */ = {
			isa = PBXSourcesBuildPhase;
			buildActionMask = 2147483647;
			files = (
				A20E0C4629A4A6EA0001A267 /* FourthViewController.swift in Sources */,
				A21F6D0629A3BD33006F170B /* SecondViewController.swift in Sources */,
				A22785C029A3586600DA722C /* ViewController.swift in Sources */,
				A21F6D0829A3BD51006F170B /* ThirdViewController.swift in Sources */,
				A22785BC29A3586600DA722C /* AppDelegate.swift in Sources */,
				A22785BE29A3586600DA722C /* SceneDelegate.swift in Sources */,
				A20E0C4829A4A73C0001A267 /* FifthViewController.swift in Sources */,
			);
			runOnlyForDeploymentPostprocessing = 0;
		};
/* End PBXSourcesBuildPhase section */

/* Begin PBXVariantGroup section */
		A22785C129A3586600DA722C /* Main.storyboard */ = {
			isa = PBXVariantGroup;
			children = (
				A22785C229A3586600DA722C /* Base */,
			);
			name = Main.storyboard;
			sourceTree = "<group>";
		};
		A22785C629A3586800DA722C /* LaunchScreen.storyboard */ = {
			isa = PBXVariantGroup;
			children = (
				A22785C729A3586800DA722C /* Base */,
			);
			name = LaunchScreen.storyboard;
			sourceTree = "<group>";
		};
/* End PBXVariantGroup section */

/* Begin XCBuildConfiguration section */
		A22785CA29A3586800DA722C /* Debug */ = {
			isa = XCBuildConfiguration;
			buildSettings = {
				ALWAYS_SEARCH_USER_PATHS = NO;
				CLANG_ANALYZER_NONNULL = YES;
				CLANG_ANALYZER_NUMBER_OBJECT_CONVERSION = YES_AGGRESSIVE;
				CLANG_CXX_LANGUAGE_STANDARD = "gnu++20";
				CLANG_ENABLE_MODULES = YES;
				CLANG_ENABLE_OBJC_ARC = YES;
				CLANG_ENABLE_OBJC_WEAK = YES;
				CLANG_WARN_BLOCK_CAPTURE_AUTORELEASING = YES;
				CLANG_WARN_BOOL_CONVERSION = YES;
				CLANG_WARN_COMMA = YES;
				CLANG_WARN_CONSTANT_CONVERSION = YES;
				CLANG_WARN_DEPRECATED_OBJC_IMPLEMENTATIONS = YES;
				CLANG_WARN_DIRECT_OBJC_ISA_USAGE = YES_ERROR;
				CLANG_WARN_DOCUMENTATION_COMMENTS = YES;
				CLANG_WARN_EMPTY_BODY = YES;
				CLANG_WARN_ENUM_CONVERSION = YES;
				CLANG_WARN_INFINITE_RECURSION = YES;
				CLANG_WARN_INT_CONVERSION = YES;
				CLANG_WARN_NON_LITERAL_NULL_CONVERSION = YES;
				CLANG_WARN_OBJC_IMPLICIT_RETAIN_SELF = YES;
				CLANG_WARN_OBJC_LITERAL_CONVERSION = YES;
				CLANG_WARN_OBJC_ROOT_CLASS = YES_ERROR;
				CLANG_WARN_QUOTED_INCLUDE_IN_FRAMEWORK_HEADER = YES;
				CLANG_WARN_RANGE_LOOP_ANALYSIS = YES;
				CLANG_WARN_STRICT_PROTOTYPES = YES;
				CLANG_WARN_SUSPICIOUS_MOVE = YES;
				CLANG_WARN_UNGUARDED_AVAILABILITY = YES_AGGRESSIVE;
				CLANG_WARN_UNREACHABLE_CODE = YES;
				CLANG_WARN__DUPLICATE_METHOD_MATCH = YES;
				COPY_PHASE_STRIP = NO;
				DEBUG_INFORMATION_FORMAT = dwarf;
				ENABLE_STRICT_OBJC_MSGSEND = YES;
				ENABLE_TESTABILITY = YES;
				GCC_C_LANGUAGE_STANDARD = gnu11;
				GCC_DYNAMIC_NO_PIC = NO;
				GCC_NO_COMMON_BLOCKS = YES;
				GCC_OPTIMIZATION_LEVEL = 0;
				GCC_PREPROCESSOR_DEFINITIONS = (
					"DEBUG=1",
					"$(inherited)",
				);
				GCC_WARN_64_TO_32_BIT_CONVERSION = YES;
				GCC_WARN_ABOUT_RETURN_TYPE = YES_ERROR;
				GCC_WARN_UNDECLARED_SELECTOR = YES;
				GCC_WARN_UNINITIALIZED_AUTOS = YES_AGGRESSIVE;
				GCC_WARN_UNUSED_FUNCTION = YES;
				GCC_WARN_UNUSED_VARIABLE = YES;
				IPHONEOS_DEPLOYMENT_TARGET = 16.2;
				MTL_ENABLE_DEBUG_INFO = INCLUDE_SOURCE;
				MTL_FAST_MATH = YES;
				ONLY_ACTIVE_ARCH = YES;
				SDKROOT = iphoneos;
				SWIFT_ACTIVE_COMPILATION_CONDITIONS = DEBUG;
				SWIFT_OPTIMIZATION_LEVEL = "-Onone";
			};
			name = Debug;
		};
		A22785CB29A3586800DA722C /* Release */ = {
			isa = XCBuildConfiguration;
			buildSettings = {
				ALWAYS_SEARCH_USER_PATHS = NO;
				CLANG_ANALYZER_NONNULL = YES;
				CLANG_ANALYZER_NUMBER_OBJECT_CONVERSION = YES_AGGRESSIVE;
				CLANG_CXX_LANGUAGE_STANDARD = "gnu++20";
				CLANG_ENABLE_MODULES = YES;
				CLANG_ENABLE_OBJC_ARC = YES;
				CLANG_ENABLE_OBJC_WEAK = YES;
				CLANG_WARN_BLOCK_CAPTURE_AUTORELEASING = YES;
				CLANG_WARN_BOOL_CONVERSION = YES;
				CLANG_WARN_COMMA = YES;
				CLANG_WARN_CONSTANT_CONVERSION = YES;
				CLANG_WARN_DEPRECATED_OBJC_IMPLEMENTATIONS = YES;
				CLANG_WARN_DIRECT_OBJC_ISA_USAGE = YES_ERROR;
				CLANG_WARN_DOCUMENTATION_COMMENTS = YES;
				CLANG_WARN_EMPTY_BODY = YES;
				CLANG_WARN_ENUM_CONVERSION = YES;
				CLANG_WARN_INFINITE_RECURSION = YES;
				CLANG_WARN_INT_CONVERSION = YES;
				CLANG_WARN_NON_LITERAL_NULL_CONVERSION = YES;
				CLANG_WARN_OBJC_IMPLICIT_RETAIN_SELF = YES;
				CLANG_WARN_OBJC_LITERAL_CONVERSION = YES;
				CLANG_WARN_OBJC_ROOT_CLASS = YES_ERROR;
				CLANG_WARN_QUOTED_INCLUDE_IN_FRAMEWORK_HEADER = YES;
				CLANG_WARN_RANGE_LOOP_ANALYSIS = YES;
				CLANG_WARN_STRICT_PROTOTYPES = YES;
				CLANG_WARN_SUSPICIOUS_MOVE = YES;
				CLANG_WARN_UNGUARDED_AVAILABILITY = YES_AGGRESSIVE;
				CLANG_WARN_UNREACHABLE_CODE = YES;
				CLANG_WARN__DUPLICATE_METHOD_MATCH = YES;
				COPY_PHASE_STRIP = NO;
				DEBUG_INFORMATION_FORMAT = "dwarf-with-dsym";
				ENABLE_NS_ASSERTIONS = NO;
				ENABLE_STRICT_OBJC_MSGSEND = YES;
				GCC_C_LANGUAGE_STANDARD = gnu11;
				GCC_NO_COMMON_BLOCKS = YES;
				GCC_WARN_64_TO_32_BIT_CONVERSION = YES;
				GCC_WARN_ABOUT_RETURN_TYPE = YES_ERROR;
				GCC_WARN_UNDECLARED_SELECTOR = YES;
				GCC_WARN_UNINITIALIZED_AUTOS = YES_AGGRESSIVE;
				GCC_WARN_UNUSED_FUNCTION = YES;
				GCC_WARN_UNUSED_VARIABLE = YES;
				IPHONEOS_DEPLOYMENT_TARGET = 16.2;
				MTL_ENABLE_DEBUG_INFO = NO;
				MTL_FAST_MATH = YES;
				SDKROOT = iphoneos;
				SWIFT_COMPILATION_MODE = wholemodule;
				SWIFT_OPTIMIZATION_LEVEL = "-O";
				VALIDATE_PRODUCT = YES;
			};
			name = Release;
		};
		A22785CD29A3586800DA722C /* Debug */ = {
			isa = XCBuildConfiguration;
			buildSettings = {
				ASSETCATALOG_COMPILER_APPICON_NAME = AppIcon;
				ASSETCATALOG_COMPILER_GLOBAL_ACCENT_COLOR_NAME = AccentColor;
				CODE_SIGN_STYLE = Automatic;
				CURRENT_PROJECT_VERSION = 1;
				GENERATE_INFOPLIST_FILE = YES;
				INFOPLIST_FILE = 2Lesson3mounthNavbar/Info.plist;
				INFOPLIST_KEY_UIApplicationSupportsIndirectInputEvents = YES;
				INFOPLIST_KEY_UILaunchStoryboardName = LaunchScreen;
				INFOPLIST_KEY_UIMainStoryboardFile = Main;
				INFOPLIST_KEY_UISupportedInterfaceOrientations_iPad = "UIInterfaceOrientationPortrait UIInterfaceOrientationPortraitUpsideDown UIInterfaceOrientationLandscapeLeft UIInterfaceOrientationLandscapeRight";
				INFOPLIST_KEY_UISupportedInterfaceOrientations_iPhone = "UIInterfaceOrientationPortrait UIInterfaceOrientationLandscapeLeft UIInterfaceOrientationLandscapeRight";
				LD_RUNPATH_SEARCH_PATHS = (
					"$(inherited)",
					"@executable_path/Frameworks",
				);
				MARKETING_VERSION = 1.0;
				PRODUCT_BUNDLE_IDENTIFIER = "kg.geektech.-Lesson3mounthNavbar";
				PRODUCT_NAME = "$(TARGET_NAME)";
				SWIFT_EMIT_LOC_STRINGS = YES;
				SWIFT_VERSION = 5.0;
				TARGETED_DEVICE_FAMILY = "1,2";
			};
			name = Debug;
		};
		A22785CE29A3586800DA722C /* Release */ = {
			isa = XCBuildConfiguration;
			buildSettings = {
				ASSETCATALOG_COMPILER_APPICON_NAME = AppIcon;
				ASSETCATALOG_COMPILER_GLOBAL_ACCENT_COLOR_NAME = AccentColor;
				CODE_SIGN_STYLE = Automatic;
				CURRENT_PROJECT_VERSION = 1;
				GENERATE_INFOPLIST_FILE = YES;
				INFOPLIST_FILE = 2Lesson3mounthNavbar/Info.plist;
				INFOPLIST_KEY_UIApplicationSupportsIndirectInputEvents = YES;
				INFOPLIST_KEY_UILaunchStoryboardName = LaunchScreen;
				INFOPLIST_KEY_UIMainStoryboardFile = Main;
				INFOPLIST_KEY_UISupportedInterfaceOrientations_iPad = "UIInterfaceOrientationPortrait UIInterfaceOrientationPortraitUpsideDown UIInterfaceOrientationLandscapeLeft UIInterfaceOrientationLandscapeRight";
				INFOPLIST_KEY_UISupportedInterfaceOrientations_iPhone = "UIInterfaceOrientationPortrait UIInterfaceOrientationLandscapeLeft UIInterfaceOrientationLandscapeRight";
				LD_RUNPATH_SEARCH_PATHS = (
					"$(inherited)",
					"@executable_path/Frameworks",
				);
				MARKETING_VERSION = 1.0;
				PRODUCT_BUNDLE_IDENTIFIER = "kg.geektech.-Lesson3mounthNavbar";
				PRODUCT_NAME = "$(TARGET_NAME)";
				SWIFT_EMIT_LOC_STRINGS = YES;
				SWIFT_VERSION = 5.0;
				TARGETED_DEVICE_FAMILY = "1,2";
			};
			name = Release;
		};
/* End XCBuildConfiguration section */

/* Begin XCConfigurationList section */
		A22785B329A3586600DA722C /* Build configuration list for PBXProject "2Lesson3mounthNavbar" */ = {
			isa = XCConfigurationList;
			buildConfigurations = (
				A22785CA29A3586800DA722C /* Debug */,
				A22785CB29A3586800DA722C /* Release */,
			);
			defaultConfigurationIsVisible = 0;
			defaultConfigurationName = Release;
		};
		A22785CC29A3586800DA722C /* Build configuration list for PBXNativeTarget "2Lesson3mounthNavbar" */ = {
			isa = XCConfigurationList;
			buildConfigurations = (
				A22785CD29A3586800DA722C /* Debug */,
				A22785CE29A3586800DA722C /* Release */,
			);
			defaultConfigurationIsVisible = 0;
			defaultConfigurationName = Release;
		};
/* End XCConfigurationList section */
	};
	rootObject = A22785B029A3586600DA722C /* Project object */;
}
